
Microsoft Visual Studio Solution File, Format Version 12.00
# Visual Studio Version 17
VisualStudioVersion = 17.8.34309.116
MinimumVisualStudioVersion = 10.0.40219.1
Project("{FAE04EC0-301F-11D3-BF4B-00C04F79EFBC}") = "Selenium_WebDriver_C#", "Selenium_WebDriver_C#.csproj", "{E52919F6-2C05-406C-9E39-2B7A1F094360}"
EndProject
Global
	GlobalSection(SolutionConfigurationPlatforms) = preSolution
		Debug|Any CPU = Debug|Any CPU
		Release|Any CPU = Release|Any CPU
	EndGlobalSection
	GlobalSection(ProjectConfigurationPlatforms) = postSolution
		{E52919F6-2C05-406C-9E39-2B7A1F094360}.Debug|Any CPU.ActiveCfg = Debug|Any CPU
		{E52919F6-2C05-406C-9E39-2B7A1F094360}.Debug|Any CPU.Build.0 = Debug|Any CPU
		{E52919F6-2C05-406C-9E39-2B7A1F094360}.Release|Any CPU.ActiveCfg = Release|Any CPU
		{E52919F6-2C05-406C-9E39-2B7A1F094360}.Release|Any CPU.Build.0 = Release|Any CPU
	EndGlobalSection
	GlobalSection(SolutionProperties) = preSolution
		HideSolutionNode = FALSE
	EndGlobalSection
	GlobalSection(ExtensibilityGlobals) = postSolution
		SolutionGuid = {15E65393-880A-42C1-A081-9CCEDD7BCD68}
	EndGlobalSection
EndGlobal
